# This file is automatically @generated by Poetry 2.2.1 and should not be changed by hand.

[[package]]
name = "asgiref"
version = "3.11.0"
description = "ASGI specs, helper code, and adapters"
optional = false
python-versions = ">=3.9"
groups = ["dev"]
files = [
    {file = "asgiref-3.11.0-py3-none-any.whl", hash = "sha256:1db9021efadb0d9512ce8ffaf72fcef601c7b73a8807a1bb2ef143dc6b14846d"},
    {file = "asgiref-3.11.0.tar.gz", hash = "sha256:13acff32519542a1736223fb79a715acdebe24286d98e8b164a73085f40da2c4"},
]

[package.extras]
tests = ["mypy (>=1.14.0)", "pytest", "pytest-asyncio"]

[[package]]
name = "django"
version = "4.2.26"
description = "A high-level Python web framework that encourages rapid development and clean, pragmatic design."
optional = false
python-versions = ">=3.8"
groups = ["dev"]
files = [
    {file = "django-4.2.26-py3-none-any.whl", hash = "sha256:c96e64fc3c359d051a6306871bd26243db1bd02317472a62ffdbe6c3cae14280"},
    {file = "django-4.2.26.tar.gz", hash = "sha256:9398e487bcb55e3f142cb56d19fbd9a83e15bb03a97edc31f408361ee76d9d7a"},
]

[package.dependencies]
asgiref = ">=3.6.0,<4"
sqlparse = ">=0.3.1"
tzdata = {version = "*", markers = "sys_platform == \"win32\""}

[package.extras]
argon2 = ["argon2-cffi (>=19.1.0)"]
bcrypt = ["bcrypt"]

[[package]]
name = "sqlparse"
version = "0.4.1"
description = "A non-validating SQL parser."
optional = false
python-versions = ">=3.5"
groups = ["dev"]
files = [
    {file = "sqlparse-0.4.1-py3-none-any.whl", hash = "sha256:017cde379adbd6a1f15a61873f43e8274179378e95ef3fede90b5aa64d304ed0"},
    {file = "sqlparse-0.4.1.tar.gz", hash = "sha256:0f91fd2e829c44362cbcfab3e9ae12e22badaa8a29ad5ff599f9ec109f0454e8"},
]

[[package]]
name = "tzdata"
version = "2025.2"
description = "Provider of IANA time zone data"
optional = false
python-versions = ">=2"
groups = ["dev"]
markers = "sys_platform == \"win32\""
files = [
    {file = "tzdata-2025.2-py2.py3-none-any.whl", hash = "sha256:1a403fada01ff9221ca8044d701868fa132215d84beb92242d9acd2147f667a8"},
    {file = "tzdata-2025.2.tar.gz", hash = "sha256:b60a638fcc0daffadf82fe0f57e53d06bdec2f36c4df66280ae79bce6bd6f2b9"},
]

[metadata]
lock-version = "2.1"
python-versions = "^3.6"
content-hash = "86fe1c83617bd43972af39b120da25994d4d2146c5d8f835520d8e7634304ee4"
